
Microsoft Visual Studio Solution File, Format Version 12.00
# Visual Studio Version 16
VisualStudioVersion = 16.0.30804.86
MinimumVisualStudioVersion = 10.0.40219.1
Project("{9A19103F-16F7-4668-BE54-9A1E7A4F7556}") = "SampleAPI", "SampleAPI\SampleAPI.csproj", "{C4004608-4D2A-496A-A62C-1576646E6EF1}"
EndProject
Project("{9A19103F-16F7-4668-BE54-9A1E7A4F7556}") = "SampleModel", "SampleModel\SampleModel.csproj", "{61A1B056-B4CB-447B-861E-B07F30745EC6}"
EndProject
Project("{9A19103F-16F7-4668-BE54-9A1E7A4F7556}") = "SampleService", "SampleService\SampleService.csproj", "{3724D059-FE2F-4FC1-B397-C5C01F992E10}"
EndProject
Project("{9A19103F-16F7-4668-BE54-9A1E7A4F7556}") = "SampleDAL", "SampleDAL\SampleDAL.csproj", "{ACE19A23-CFC9-4768-9D85-F9371B9C3078}"
EndProject
Project("{9A19103F-16F7-4668-BE54-9A1E7A4F7556}") = "SampleTest", "SampleTest\SampleTest.csproj", "{2A0B20A5-DD64-4F2D-A1A6-B9B5A7C583B7}"
EndProject
Global
	GlobalSection(SolutionConfigurationPlatforms) = preSolution
		Debug|Any CPU = Debug|Any CPU
		Release|Any CPU = Release|Any CPU
	EndGlobalSection
	GlobalSection(ProjectConfigurationPlatforms) = postSolution
		{C4004608-4D2A-496A-A62C-1576646E6EF1}.Debug|Any CPU.ActiveCfg = Debug|Any CPU
		{C4004608-4D2A-496A-A62C-1576646E6EF1}.Debug|Any CPU.Build.0 = Debug|Any CPU
		{C4004608-4D2A-496A-A62C-1576646E6EF1}.Release|Any CPU.ActiveCfg = Release|Any CPU
		{C4004608-4D2A-496A-A62C-1576646E6EF1}.Release|Any CPU.Build.0 = Release|Any CPU
		{61A1B056-B4CB-447B-861E-B07F30745EC6}.Debug|Any CPU.ActiveCfg = Debug|Any CPU
		{61A1B056-B4CB-447B-861E-B07F30745EC6}.Debug|Any CPU.Build.0 = Debug|Any CPU
		{61A1B056-B4CB-447B-861E-B07F30745EC6}.Release|Any CPU.ActiveCfg = Release|Any CPU
		{61A1B056-B4CB-447B-861E-B07F30745EC6}.Release|Any CPU.Build.0 = Release|Any CPU
		{3724D059-FE2F-4FC1-B397-C5C01F992E10}.Debug|Any CPU.ActiveCfg = Debug|Any CPU
		{3724D059-FE2F-4FC1-B397-C5C01F992E10}.Debug|Any CPU.Build.0 = Debug|Any CPU
		{3724D059-FE2F-4FC1-B397-C5C01F992E10}.Release|Any CPU.ActiveCfg = Release|Any CPU
		{3724D059-FE2F-4FC1-B397-C5C01F992E10}.Release|Any CPU.Build.0 = Release|Any CPU
		{ACE19A23-CFC9-4768-9D85-F9371B9C3078}.Debug|Any CPU.ActiveCfg = Debug|Any CPU
		{ACE19A23-CFC9-4768-9D85-F9371B9C3078}.Debug|Any CPU.Build.0 = Debug|Any CPU
		{ACE19A23-CFC9-4768-9D85-F9371B9C3078}.Release|Any CPU.ActiveCfg = Release|Any CPU
		{ACE19A23-CFC9-4768-9D85-F9371B9C3078}.Release|Any CPU.Build.0 = Release|Any CPU
		{2A0B20A5-DD64-4F2D-A1A6-B9B5A7C583B7}.Debug|Any CPU.ActiveCfg = Debug|Any CPU
		{2A0B20A5-DD64-4F2D-A1A6-B9B5A7C583B7}.Debug|Any CPU.Build.0 = Debug|Any CPU
		{2A0B20A5-DD64-4F2D-A1A6-B9B5A7C583B7}.Release|Any CPU.ActiveCfg = Release|Any CPU
		{2A0B20A5-DD64-4F2D-A1A6-B9B5A7C583B7}.Release|Any CPU.Build.0 = Release|Any CPU
	EndGlobalSection
	GlobalSection(SolutionProperties) = preSolution
		HideSolutionNode = FALSE
	EndGlobalSection
	GlobalSection(ExtensibilityGlobals) = postSolution
		SolutionGuid = {504FB71D-42F3-4B21-B1B8-7F3C89CA207B}
	EndGlobalSection
EndGlobal
